
Microsoft Visual Studio Solution File, Format Version 12.00
# Visual Studio 15
VisualStudioVersion = 15.0.26403.7
MinimumVisualStudioVersion = 10.0.40219.1
Project("{FAE04EC0-301F-11D3-BF4B-00C04F79EFBC}") = "ChilliSource.Mobile.Tests.iOS", "iOS\ChilliSource.Mobile.Tests.iOS.csproj", "{002E1DBC-BB8B-4460-8B66-80A30276D3CF}"
EndProject
Project("{FAE04EC0-301F-11D3-BF4B-00C04F79EFBC}") = "ChilliSource.Mobile.Tests.Droid", "Droid\ChilliSource.Mobile.Tests.Droid.csproj", "{EA1F4265-5DC8-4392-A3AE-A9961502BF4D}"
EndProject
Project("{D954291E-2A0B-460D-934E-DC6B0785DB48}") = "ChilliSource.Mobile.Tests.Shared", "ChilliSource.Mobile.Tests.Shared\ChilliSource.Mobile.Tests.Shared.shproj", "{445B2134-EEEA-462E-B355-67BF4DD3DF75}"
EndProject
Project("{D954291E-2A0B-460D-934E-DC6B0785DB48}") = "ChilliSource.Mobile.UI", "ChilliSource.Mobile.UI\ChilliSource.Mobile.UI.shproj", "{312DACB9-187C-4F09-BEA6-3F0984D8A055}"
EndProject
Project("{D954291E-2A0B-460D-934E-DC6B0785DB48}") = "ChilliSource.Mobile.UI.Core", "ChilliSource.Mobile.UI.Core\ChilliSource.Mobile.UI.Core.shproj", "{ADDB8535-0932-4FA4-B8F2-5DED8EA5A02B}"
EndProject
Project("{FAE04EC0-301F-11D3-BF4B-00C04F79EFBC}") = "ChilliSource.Mobile.UI.Core.Droid", "ChilliSource.Mobile.UI.Core.Droid\ChilliSource.Mobile.UI.Core.Droid.csproj", "{96130030-11C3-45D6-8935-2CC8409F147C}"
EndProject
Project("{FAE04EC0-301F-11D3-BF4B-00C04F79EFBC}") = "ChilliSource.Mobile.UI.Core.iOS", "ChilliSource.Mobile.UI.Core.iOS\ChilliSource.Mobile.UI.Core.iOS.csproj", "{01E4BA13-8099-46E7-B7EC-EC544700036D}"
EndProject
Project("{FAE04EC0-301F-11D3-BF4B-00C04F79EFBC}") = "ChilliSource.Mobile.UI.Droid", "ChilliSource.Mobile.UI.Droid\ChilliSource.Mobile.UI.Droid.csproj", "{7B909FF5-C6F7-42E3-8F4A-3EC2B6396AC3}"
EndProject
Project("{FAE04EC0-301F-11D3-BF4B-00C04F79EFBC}") = "ChilliSource.Mobile.UI.iOS", "ChilliSource.Mobile.UI.iOS\ChilliSource.Mobile.UI.iOS.csproj", "{2A9F8263-69A6-4ACC-85C7-63C46C60F27E}"
EndProject
Project("{D954291E-2A0B-460D-934E-DC6B0785DB48}") = "ChilliSource.Mobile.UI.ReactiveUI", "ChilliSource.Mobile.UI.ReactiveUI\ChilliSource.Mobile.UI.ReactiveUI.shproj", "{F5D54410-35FD-41F3-824D-245D719EF3BA}"
EndProject
Project("{FAE04EC0-301F-11D3-BF4B-00C04F79EFBC}") = "ChilliSource.Mobile.UI.ReactiveUI.Droid", "ChilliSource.Mobile.UI.ReactiveUI.Droid\ChilliSource.Mobile.UI.ReactiveUI.Droid.csproj", "{E2151839-5800-49A9-AEA1-FAE2B21E4828}"
EndProject
Project("{FAE04EC0-301F-11D3-BF4B-00C04F79EFBC}") = "ChilliSource.Mobile.UI.ReactiveUI.iOS", "ChilliSource.Mobile.UI.ReactiveUI.iOS\ChilliSource.Mobile.UI.ReactiveUI.iOS.csproj", "{64D818BA-2803-4FDF-8473-9E5563874DCF}"
EndProject
Project("{D954291E-2A0B-460D-934E-DC6B0785DB48}") = "Examples", "ChilliSource.Mobile.Examples\Examples\Examples.shproj", "{1B10BE30-2AB3-40C8-851C-ABE9EB1D2EAE}"
EndProject
Project("{FAE04EC0-301F-11D3-BF4B-00C04F79EFBC}") = "Examples.iOS", "ChilliSource.Mobile.Examples\iOS\Examples.iOS.csproj", "{4270B305-C383-4F49-BE45-AC17435094D5}"
EndProject
Project("{2150E333-8FDC-42A3-9474-1A3956D46DE8}") = "ChilliSource.Mobile.UI", "ChilliSource.Mobile.UI", "{1F028E32-6BBF-4BE2-89DC-B5DC8DD98096}"
EndProject
Project("{2150E333-8FDC-42A3-9474-1A3956D46DE8}") = "ChilliSource.Mobile.Ui.Core", "ChilliSource.Mobile.Ui.Core", "{40F91C7A-BFB8-4414-A8B0-C741EDB25C49}"
EndProject
Project("{2150E333-8FDC-42A3-9474-1A3956D46DE8}") = "ChilliSource.Mobile.UI.ReactiveUI", "ChilliSource.Mobile.UI.ReactiveUI", "{75CBCF65-00BF-48D4-BC88-9A9FBE82C5C1}"
EndProject
Project("{2150E333-8FDC-42A3-9474-1A3956D46DE8}") = "UnitTests", "UnitTests", "{76B9FDDA-311A-4B0E-9A15-E936739A95C7}"
EndProject
Project("{FAE04EC0-301F-11D3-BF4B-00C04F79EFBC}") = "Examples.Droid", "ChilliSource.Mobile.Examples\Droid\Examples.Droid.csproj", "{CA615D64-177F-419F-ADC9-BED5A32A5E6C}"
EndProject
Project("{2150E333-8FDC-42A3-9474-1A3956D46DE8}") = "UiTestsAndExamples", "UiTestsAndExamples", "{12E1BFF9-1165-47FA-943D-3A6B94C24C22}"
EndProject
Project("{FAE04EC0-301F-11D3-BF4B-00C04F79EFBC}") = "Examples.UITests", "ChilliSource.Mobile.Examples\UITests\Examples.UITests.csproj", "{A009B49B-8724-4169-B9DE-32B49E12D01E}"
EndProject
Global
	GlobalSection(SharedMSBuildProjectFiles) = preSolution
		ChilliSource.Mobile.Tests.Shared\ChilliSource.Mobile.Tests.Shared.projitems*{002e1dbc-bb8b-4460-8b66-80a30276d3cf}*SharedItemsImports = 4
		ChilliSource.Mobile.UI.Core\ChilliSource.Mobile.UI.Core.projitems*{01e4ba13-8099-46e7-b7ec-ec544700036d}*SharedItemsImports = 4
		ChilliSource.Mobile.Examples\Examples\Examples.projitems*{1b10be30-2ab3-40c8-851c-abe9eb1d2eae}*SharedItemsImports = 13
		ChilliSource.Mobile.UI\ChilliSource.Mobile.UI.projitems*{2a9f8263-69a6-4acc-85c7-63c46c60f27e}*SharedItemsImports = 4
		ChilliSource.Mobile.UI\ChilliSource.Mobile.UI.projitems*{312dacb9-187c-4f09-bea6-3f0984d8a055}*SharedItemsImports = 13
		ChilliSource.Mobile.Examples\Examples\Examples.projitems*{4270b305-c383-4f49-be45-ac17435094d5}*SharedItemsImports = 4
		ChilliSource.Mobile.Tests.Shared\ChilliSource.Mobile.Tests.Shared.projitems*{445b2134-eeea-462e-b355-67bf4dd3df75}*SharedItemsImports = 13
		ChilliSource.Mobile.UI.ReactiveUI\CS.Mobile.ReactiveUI.projitems*{64d818ba-2803-4fdf-8473-9e5563874dcf}*SharedItemsImports = 4
		ChilliSource.Mobile.UI\ChilliSource.Mobile.UI.projitems*{7b909ff5-c6f7-42e3-8f4a-3ec2b6396ac3}*SharedItemsImports = 4
		ChilliSource.Mobile.UI.Core\ChilliSource.Mobile.UI.Core.projitems*{96130030-11c3-45d6-8935-2cc8409f147c}*SharedItemsImports = 4
		ChilliSource.Mobile.UI.Core\ChilliSource.Mobile.UI.Core.projitems*{addb8535-0932-4fa4-b8f2-5ded8ea5a02b}*SharedItemsImports = 13
		ChilliSource.Mobile.Examples\Examples\Examples.projitems*{ca615d64-177f-419f-adc9-bed5a32a5e6c}*SharedItemsImports = 4
		ChilliSource.Mobile.UI.ReactiveUI\CS.Mobile.ReactiveUI.projitems*{e2151839-5800-49a9-aea1-fae2b21e4828}*SharedItemsImports = 4
		ChilliSource.Mobile.Tests.Shared\ChilliSource.Mobile.Tests.Shared.projitems*{ea1f4265-5dc8-4392-a3ae-a9961502bf4d}*SharedItemsImports = 4
		ChilliSource.Mobile.UI.ReactiveUI\CS.Mobile.ReactiveUI.projitems*{f5d54410-35fd-41f3-824d-245d719ef3ba}*SharedItemsImports = 13
	EndGlobalSection
	GlobalSection(SolutionConfigurationPlatforms) = preSolution
		Ad-Hoc|Any CPU = Ad-Hoc|Any CPU
		Ad-Hoc|iPhone = Ad-Hoc|iPhone
		Ad-Hoc|iPhoneSimulator = Ad-Hoc|iPhoneSimulator
		AppStore|Any CPU = AppStore|Any CPU
		AppStore|iPhone = AppStore|iPhone
		AppStore|iPhoneSimulator = AppStore|iPhoneSimulator
		Debug|Any CPU = Debug|Any CPU
		Debug|iPhone = Debug|iPhone
		Debug|iPhoneSimulator = Debug|iPhoneSimulator
		Release|Any CPU = Release|Any CPU
		Release|iPhone = Release|iPhone
		Release|iPhoneSimulator = Release|iPhoneSimulator
	EndGlobalSection
	GlobalSection(ProjectConfigurationPlatforms) = postSolution
		{002E1DBC-BB8B-4460-8B66-80A30276D3CF}.Ad-Hoc|Any CPU.ActiveCfg = Debug|iPhoneSimulator
		{002E1DBC-BB8B-4460-8B66-80A30276D3CF}.Ad-Hoc|Any CPU.Build.0 = Debug|iPhoneSimulator
		{002E1DBC-BB8B-4460-8B66-80A30276D3CF}.Ad-Hoc|iPhone.ActiveCfg = Release|iPhone
		{002E1DBC-BB8B-4460-8B66-80A30276D3CF}.Ad-Hoc|iPhone.Build.0 = Release|iPhone
		{002E1DBC-BB8B-4460-8B66-80A30276D3CF}.Ad-Hoc|iPhoneSimulator.ActiveCfg = Debug|iPhoneSimulator
		{002E1DBC-BB8B-4460-8B66-80A30276D3CF}.Ad-Hoc|iPhoneSimulator.Build.0 = Debug|iPhoneSimulator
		{002E1DBC-BB8B-4460-8B66-80A30276D3CF}.AppStore|Any CPU.ActiveCfg = Debug|iPhoneSimulator
		{002E1DBC-BB8B-4460-8B66-80A30276D3CF}.AppStore|Any CPU.Build.0 = Debug|iPhoneSimulator
		{002E1DBC-BB8B-4460-8B66-80A30276D3CF}.AppStore|iPhone.ActiveCfg = Release|iPhone
		{002E1DBC-BB8B-4460-8B66-80A30276D3CF}.AppStore|iPhone.Build.0 = Release|iPhone
		{002E1DBC-BB8B-4460-8B66-80A30276D3CF}.AppStore|iPhoneSimulator.ActiveCfg = Debug|iPhoneSimulator
		{002E1DBC-BB8B-4460-8B66-80A30276D3CF}.AppStore|iPhoneSimulator.Build.0 = Debug|iPhoneSimulator
		{002E1DBC-BB8B-4460-8B66-80A30276D3CF}.Debug|Any CPU.ActiveCfg = Debug|iPhoneSimulator
		{002E1DBC-BB8B-4460-8B66-80A30276D3CF}.Debug|Any CPU.Build.0 = Debug|iPhoneSimulator
		{002E1DBC-BB8B-4460-8B66-80A30276D3CF}.Debug|iPhone.ActiveCfg = Debug|iPhone
		{002E1DBC-BB8B-4460-8B66-80A30276D3CF}.Debug|iPhone.Build.0 = Debug|iPhone
		{002E1DBC-BB8B-4460-8B66-80A30276D3CF}.Debug|iPhoneSimulator.ActiveCfg = Debug|iPhoneSimulator
		{002E1DBC-BB8B-4460-8B66-80A30276D3CF}.Debug|iPhoneSimulator.Build.0 = Debug|iPhoneSimulator
		{002E1DBC-BB8B-4460-8B66-80A30276D3CF}.Release|Any CPU.ActiveCfg = Release|iPhone
		{002E1DBC-BB8B-4460-8B66-80A30276D3CF}.Release|Any CPU.Build.0 = Release|iPhone
		{002E1DBC-BB8B-4460-8B66-80A30276D3CF}.Release|iPhone.ActiveCfg = Release|iPhone
		{002E1DBC-BB8B-4460-8B66-80A30276D3CF}.Release|iPhone.Build.0 = Release|iPhone
		{002E1DBC-BB8B-4460-8B66-80A30276D3CF}.Release|iPhoneSimulator.ActiveCfg = Release|iPhoneSimulator
		{002E1DBC-BB8B-4460-8B66-80A30276D3CF}.Release|iPhoneSimulator.Build.0 = Release|iPhoneSimulator
		{EA1F4265-5DC8-4392-A3AE-A9961502BF4D}.Ad-Hoc|Any CPU.ActiveCfg = Release|Any CPU
		{EA1F4265-5DC8-4392-A3AE-A9961502BF4D}.Ad-Hoc|Any CPU.Build.0 = Release|Any CPU
		{EA1F4265-5DC8-4392-A3AE-A9961502BF4D}.Ad-Hoc|iPhone.ActiveCfg = Release|Any CPU
		{EA1F4265-5DC8-4392-A3AE-A9961502BF4D}.Ad-Hoc|iPhone.Build.0 = Release|Any CPU
		{EA1F4265-5DC8-4392-A3AE-A9961502BF4D}.Ad-Hoc|iPhoneSimulator.ActiveCfg = Release|Any CPU
		{EA1F4265-5DC8-4392-A3AE-A9961502BF4D}.Ad-Hoc|iPhoneSimulator.Build.0 = Release|Any CPU
		{EA1F4265-5DC8-4392-A3AE-A9961502BF4D}.AppStore|Any CPU.ActiveCfg = Release|Any CPU
		{EA1F4265-5DC8-4392-A3AE-A9961502BF4D}.AppStore|Any CPU.Build.0 = Release|Any CPU
		{EA1F4265-5DC8-4392-A3AE-A9961502BF4D}.AppStore|iPhone.ActiveCfg = Release|Any CPU
		{EA1F4265-5DC8-4392-A3AE-A9961502BF4D}.AppStore|iPhone.Build.0 = Release|Any CPU
		{EA1F4265-5DC8-4392-A3AE-A9961502BF4D}.AppStore|iPhoneSimulator.ActiveCfg = Release|Any CPU
		{EA1F4265-5DC8-4392-A3AE-A9961502BF4D}.AppStore|iPhoneSimulator.Build.0 = Release|Any CPU
		{EA1F4265-5DC8-4392-A3AE-A9961502BF4D}.Debug|Any CPU.ActiveCfg = Debug|Any CPU
		{EA1F4265-5DC8-4392-A3AE-A9961502BF4D}.Debug|Any CPU.Build.0 = Debug|Any CPU
		{EA1F4265-5DC8-4392-A3AE-A9961502BF4D}.Debug|iPhone.ActiveCfg = Debug|Any CPU
		{EA1F4265-5DC8-4392-A3AE-A9961502BF4D}.Debug|iPhone.Build.0 = Debug|Any CPU
		{EA1F4265-5DC8-4392-A3AE-A9961502BF4D}.Debug|iPhoneSimulator.ActiveCfg = Debug|Any CPU
		{EA1F4265-5DC8-4392-A3AE-A9961502BF4D}.Debug|iPhoneSimulator.Build.0 = Debug|Any CPU
		{EA1F4265-5DC8-4392-A3AE-A9961502BF4D}.Release|Any CPU.ActiveCfg = Release|Any CPU
		{EA1F4265-5DC8-4392-A3AE-A9961502BF4D}.Release|Any CPU.Build.0 = Release|Any CPU
		{EA1F4265-5DC8-4392-A3AE-A9961502BF4D}.Release|iPhone.ActiveCfg = Release|Any CPU
		{EA1F4265-5DC8-4392-A3AE-A9961502BF4D}.Release|iPhone.Build.0 = Release|Any CPU
		{EA1F4265-5DC8-4392-A3AE-A9961502BF4D}.Release|iPhoneSimulator.ActiveCfg = Release|Any CPU
		{EA1F4265-5DC8-4392-A3AE-A9961502BF4D}.Release|iPhoneSimulator.Build.0 = Release|Any CPU
		{96130030-11C3-45D6-8935-2CC8409F147C}.Ad-Hoc|Any CPU.ActiveCfg = Debug|Any CPU
		{96130030-11C3-45D6-8935-2CC8409F147C}.Ad-Hoc|Any CPU.Build.0 = Debug|Any CPU
		{96130030-11C3-45D6-8935-2CC8409F147C}.Ad-Hoc|iPhone.ActiveCfg = Release|Any CPU
		{96130030-11C3-45D6-8935-2CC8409F147C}.Ad-Hoc|iPhone.Build.0 = Release|Any CPU
		{96130030-11C3-45D6-8935-2CC8409F147C}.Ad-Hoc|iPhoneSimulator.ActiveCfg = Debug|Any CPU
		{96130030-11C3-45D6-8935-2CC8409F147C}.Ad-Hoc|iPhoneSimulator.Build.0 = Debug|Any CPU
		{96130030-11C3-45D6-8935-2CC8409F147C}.AppStore|Any CPU.ActiveCfg = Debug|Any CPU
		{96130030-11C3-45D6-8935-2CC8409F147C}.AppStore|Any CPU.Build.0 = Debug|Any CPU
		{96130030-11C3-45D6-8935-2CC8409F147C}.AppStore|iPhone.ActiveCfg = Release|Any CPU
		{96130030-11C3-45D6-8935-2CC8409F147C}.AppStore|iPhone.Build.0 = Release|Any CPU
		{96130030-11C3-45D6-8935-2CC8409F147C}.AppStore|iPhoneSimulator.ActiveCfg = Debug|Any CPU
		{96130030-11C3-45D6-8935-2CC8409F147C}.AppStore|iPhoneSimulator.Build.0 = Debug|Any CPU
		{96130030-11C3-45D6-8935-2CC8409F147C}.Debug|Any CPU.ActiveCfg = Debug|Any CPU
		{96130030-11C3-45D6-8935-2CC8409F147C}.Debug|Any CPU.Build.0 = Debug|Any CPU
		{96130030-11C3-45D6-8935-2CC8409F147C}.Debug|iPhone.ActiveCfg = Debug|Any CPU
		{96130030-11C3-45D6-8935-2CC8409F147C}.Debug|iPhone.Build.0 = Debug|Any CPU
		{96130030-11C3-45D6-8935-2CC8409F147C}.Debug|iPhoneSimulator.ActiveCfg = Debug|Any CPU
		{96130030-11C3-45D6-8935-2CC8409F147C}.Debug|iPhoneSimulator.Build.0 = Debug|Any CPU
		{96130030-11C3-45D6-8935-2CC8409F147C}.Release|Any CPU.ActiveCfg = Release|Any CPU
		{96130030-11C3-45D6-8935-2CC8409F147C}.Release|Any CPU.Build.0 = Release|Any CPU
		{96130030-11C3-45D6-8935-2CC8409F147C}.Release|iPhone.ActiveCfg = Release|Any CPU
		{96130030-11C3-45D6-8935-2CC8409F147C}.Release|iPhone.Build.0 = Release|Any CPU
		{96130030-11C3-45D6-8935-2CC8409F147C}.Release|iPhoneSimulator.ActiveCfg = Release|Any CPU
		{96130030-11C3-45D6-8935-2CC8409F147C}.Release|iPhoneSimulator.Build.0 = Release|Any CPU
		{01E4BA13-8099-46E7-B7EC-EC544700036D}.Ad-Hoc|Any CPU.ActiveCfg = Debug|Any CPU
		{01E4BA13-8099-46E7-B7EC-EC544700036D}.Ad-Hoc|Any CPU.Build.0 = Debug|Any CPU
		{01E4BA13-8099-46E7-B7EC-EC544700036D}.Ad-Hoc|iPhone.ActiveCfg = Release|Any CPU
		{01E4BA13-8099-46E7-B7EC-EC544700036D}.Ad-Hoc|iPhone.Build.0 = Release|Any CPU
		{01E4BA13-8099-46E7-B7EC-EC544700036D}.Ad-Hoc|iPhoneSimulator.ActiveCfg = Debug|Any CPU
		{01E4BA13-8099-46E7-B7EC-EC544700036D}.Ad-Hoc|iPhoneSimulator.Build.0 = Debug|Any CPU
		{01E4BA13-8099-46E7-B7EC-EC544700036D}.AppStore|Any CPU.ActiveCfg = Debug|Any CPU
		{01E4BA13-8099-46E7-B7EC-EC544700036D}.AppStore|Any CPU.Build.0 = Debug|Any CPU
		{01E4BA13-8099-46E7-B7EC-EC544700036D}.AppStore|iPhone.ActiveCfg = Release|Any CPU
		{01E4BA13-8099-46E7-B7EC-EC544700036D}.AppStore|iPhone.Build.0 = Release|Any CPU
		{01E4BA13-8099-46E7-B7EC-EC544700036D}.AppStore|iPhoneSimulator.ActiveCfg = Debug|Any CPU
		{01E4BA13-8099-46E7-B7EC-EC544700036D}.AppStore|iPhoneSimulator.Build.0 = Debug|Any CPU
		{01E4BA13-8099-46E7-B7EC-EC544700036D}.Debug|Any CPU.ActiveCfg = Debug|Any CPU
		{01E4BA13-8099-46E7-B7EC-EC544700036D}.Debug|Any CPU.Build.0 = Debug|Any CPU
		{01E4BA13-8099-46E7-B7EC-EC544700036D}.Debug|iPhone.ActiveCfg = Debug|Any CPU
		{01E4BA13-8099-46E7-B7EC-EC544700036D}.Debug|iPhone.Build.0 = Debug|Any CPU
		{01E4BA13-8099-46E7-B7EC-EC544700036D}.Debug|iPhoneSimulator.ActiveCfg = Debug|Any CPU
		{01E4BA13-8099-46E7-B7EC-EC544700036D}.Debug|iPhoneSimulator.Build.0 = Debug|Any CPU
		{01E4BA13-8099-46E7-B7EC-EC544700036D}.Release|Any CPU.ActiveCfg = Release|Any CPU
		{01E4BA13-8099-46E7-B7EC-EC544700036D}.Release|Any CPU.Build.0 = Release|Any CPU
		{01E4BA13-8099-46E7-B7EC-EC544700036D}.Release|iPhone.ActiveCfg = Release|Any CPU
		{01E4BA13-8099-46E7-B7EC-EC544700036D}.Release|iPhone.Build.0 = Release|Any CPU
		{01E4BA13-8099-46E7-B7EC-EC544700036D}.Release|iPhoneSimulator.ActiveCfg = Release|Any CPU
		{01E4BA13-8099-46E7-B7EC-EC544700036D}.Release|iPhoneSimulator.Build.0 = Release|Any CPU
		{7B909FF5-C6F7-42E3-8F4A-3EC2B6396AC3}.Ad-Hoc|Any CPU.ActiveCfg = Debug|Any CPU
		{7B909FF5-C6F7-42E3-8F4A-3EC2B6396AC3}.Ad-Hoc|Any CPU.Build.0 = Debug|Any CPU
		{7B909FF5-C6F7-42E3-8F4A-3EC2B6396AC3}.Ad-Hoc|iPhone.ActiveCfg = Release|Any CPU
		{7B909FF5-C6F7-42E3-8F4A-3EC2B6396AC3}.Ad-Hoc|iPhone.Build.0 = Release|Any CPU
		{7B909FF5-C6F7-42E3-8F4A-3EC2B6396AC3}.Ad-Hoc|iPhoneSimulator.ActiveCfg = Debug|Any CPU
		{7B909FF5-C6F7-42E3-8F4A-3EC2B6396AC3}.Ad-Hoc|iPhoneSimulator.Build.0 = Debug|Any CPU
		{7B909FF5-C6F7-42E3-8F4A-3EC2B6396AC3}.AppStore|Any CPU.ActiveCfg = Debug|Any CPU
		{7B909FF5-C6F7-42E3-8F4A-3EC2B6396AC3}.AppStore|Any CPU.Build.0 = Debug|Any CPU
		{7B909FF5-C6F7-42E3-8F4A-3EC2B6396AC3}.AppStore|iPhone.ActiveCfg = Release|Any CPU
		{7B909FF5-C6F7-42E3-8F4A-3EC2B6396AC3}.AppStore|iPhone.Build.0 = Release|Any CPU
		{7B909FF5-C6F7-42E3-8F4A-3EC2B6396AC3}.AppStore|iPhoneSimulator.ActiveCfg = Debug|Any CPU
		{7B909FF5-C6F7-42E3-8F4A-3EC2B6396AC3}.AppStore|iPhoneSimulator.Build.0 = Debug|Any CPU
		{7B909FF5-C6F7-42E3-8F4A-3EC2B6396AC3}.Debug|Any CPU.ActiveCfg = Debug|Any CPU
		{7B909FF5-C6F7-42E3-8F4A-3EC2B6396AC3}.Debug|Any CPU.Build.0 = Debug|Any CPU
		{7B909FF5-C6F7-42E3-8F4A-3EC2B6396AC3}.Debug|iPhone.ActiveCfg = Debug|Any CPU
		{7B909FF5-C6F7-42E3-8F4A-3EC2B6396AC3}.Debug|iPhone.Build.0 = Debug|Any CPU
		{7B909FF5-C6F7-42E3-8F4A-3EC2B6396AC3}.Debug|iPhoneSimulator.ActiveCfg = Debug|Any CPU
		{7B909FF5-C6F7-42E3-8F4A-3EC2B6396AC3}.Debug|iPhoneSimulator.Build.0 = Debug|Any CPU
		{7B909FF5-C6F7-42E3-8F4A-3EC2B6396AC3}.Release|Any CPU.ActiveCfg = Release|Any CPU
		{7B909FF5-C6F7-42E3-8F4A-3EC2B6396AC3}.Release|Any CPU.Build.0 = Release|Any CPU
		{7B909FF5-C6F7-42E3-8F4A-3EC2B6396AC3}.Release|iPhone.ActiveCfg = Release|Any CPU
		{7B909FF5-C6F7-42E3-8F4A-3EC2B6396AC3}.Release|iPhone.Build.0 = Release|Any CPU
		{7B909FF5-C6F7-42E3-8F4A-3EC2B6396AC3}.Release|iPhoneSimulator.ActiveCfg = Release|Any CPU
		{7B909FF5-C6F7-42E3-8F4A-3EC2B6396AC3}.Release|iPhoneSimulator.Build.0 = Release|Any CPU
		{2A9F8263-69A6-4ACC-85C7-63C46C60F27E}.Ad-Hoc|Any CPU.ActiveCfg = Debug|Any CPU
		{2A9F8263-69A6-4ACC-85C7-63C46C60F27E}.Ad-Hoc|Any CPU.Build.0 = Debug|Any CPU
		{2A9F8263-69A6-4ACC-85C7-63C46C60F27E}.Ad-Hoc|iPhone.ActiveCfg = Release|Any CPU
		{2A9F8263-69A6-4ACC-85C7-63C46C60F27E}.Ad-Hoc|iPhone.Build.0 = Release|Any CPU
		{2A9F8263-69A6-4ACC-85C7-63C46C60F27E}.Ad-Hoc|iPhoneSimulator.ActiveCfg = Debug|Any CPU
		{2A9F8263-69A6-4ACC-85C7-63C46C60F27E}.Ad-Hoc|iPhoneSimulator.Build.0 = Debug|Any CPU
		{2A9F8263-69A6-4ACC-85C7-63C46C60F27E}.AppStore|Any CPU.ActiveCfg = Debug|Any CPU
		{2A9F8263-69A6-4ACC-85C7-63C46C60F27E}.AppStore|Any CPU.Build.0 = Debug|Any CPU
		{2A9F8263-69A6-4ACC-85C7-63C46C60F27E}.AppStore|iPhone.ActiveCfg = Release|Any CPU
		{2A9F8263-69A6-4ACC-85C7-63C46C60F27E}.AppStore|iPhone.Build.0 = Release|Any CPU
		{2A9F8263-69A6-4ACC-85C7-63C46C60F27E}.AppStore|iPhoneSimulator.ActiveCfg = Debug|Any CPU
		{2A9F8263-69A6-4ACC-85C7-63C46C60F27E}.AppStore|iPhoneSimulator.Build.0 = Debug|Any CPU
		{2A9F8263-69A6-4ACC-85C7-63C46C60F27E}.Debug|Any CPU.ActiveCfg = Debug|Any CPU
		{2A9F8263-69A6-4ACC-85C7-63C46C60F27E}.Debug|Any CPU.Build.0 = Debug|Any CPU
		{2A9F8263-69A6-4ACC-85C7-63C46C60F27E}.Debug|iPhone.ActiveCfg = Debug|Any CPU
		{2A9F8263-69A6-4ACC-85C7-63C46C60F27E}.Debug|iPhone.Build.0 = Debug|Any CPU
		{2A9F8263-69A6-4ACC-85C7-63C46C60F27E}.Debug|iPhoneSimulator.ActiveCfg = Debug|Any CPU
		{2A9F8263-69A6-4ACC-85C7-63C46C60F27E}.Debug|iPhoneSimulator.Build.0 = Debug|Any CPU
		{2A9F8263-69A6-4ACC-85C7-63C46C60F27E}.Release|Any CPU.ActiveCfg = Release|Any CPU
		{2A9F8263-69A6-4ACC-85C7-63C46C60F27E}.Release|Any CPU.Build.0 = Release|Any CPU
		{2A9F8263-69A6-4ACC-85C7-63C46C60F27E}.Release|iPhone.ActiveCfg = Release|Any CPU
		{2A9F8263-69A6-4ACC-85C7-63C46C60F27E}.Release|iPhone.Build.0 = Release|Any CPU
		{2A9F8263-69A6-4ACC-85C7-63C46C60F27E}.Release|iPhoneSimulator.ActiveCfg = Release|Any CPU
		{2A9F8263-69A6-4ACC-85C7-63C46C60F27E}.Release|iPhoneSimulator.Build.0 = Release|Any CPU
		{E2151839-5800-49A9-AEA1-FAE2B21E4828}.Ad-Hoc|Any CPU.ActiveCfg = Debug|Any CPU
		{E2151839-5800-49A9-AEA1-FAE2B21E4828}.Ad-Hoc|Any CPU.Build.0 = Debug|Any CPU
		{E2151839-5800-49A9-AEA1-FAE2B21E4828}.Ad-Hoc|iPhone.ActiveCfg = Release|Any CPU
		{E2151839-5800-49A9-AEA1-FAE2B21E4828}.Ad-Hoc|iPhone.Build.0 = Release|Any CPU
		{E2151839-5800-49A9-AEA1-FAE2B21E4828}.Ad-Hoc|iPhoneSimulator.ActiveCfg = Debug|Any CPU
		{E2151839-5800-49A9-AEA1-FAE2B21E4828}.Ad-Hoc|iPhoneSimulator.Build.0 = Debug|Any CPU
		{E2151839-5800-49A9-AEA1-FAE2B21E4828}.AppStore|Any CPU.ActiveCfg = Debug|Any CPU
		{E2151839-5800-49A9-AEA1-FAE2B21E4828}.AppStore|Any CPU.Build.0 = Debug|Any CPU
		{E2151839-5800-49A9-AEA1-FAE2B21E4828}.AppStore|iPhone.ActiveCfg = Release|Any CPU
		{E2151839-5800-49A9-AEA1-FAE2B21E4828}.AppStore|iPhone.Build.0 = Release|Any CPU
		{E2151839-5800-49A9-AEA1-FAE2B21E4828}.AppStore|iPhoneSimulator.ActiveCfg = Debug|Any CPU
		{E2151839-5800-49A9-AEA1-FAE2B21E4828}.AppStore|iPhoneSimulator.Build.0 = Debug|Any CPU
		{E2151839-5800-49A9-AEA1-FAE2B21E4828}.Debug|Any CPU.ActiveCfg = Debug|Any CPU
		{E2151839-5800-49A9-AEA1-FAE2B21E4828}.Debug|Any CPU.Build.0 = Debug|Any CPU
		{E2151839-5800-49A9-AEA1-FAE2B21E4828}.Debug|iPhone.ActiveCfg = Debug|Any CPU
		{E2151839-5800-49A9-AEA1-FAE2B21E4828}.Debug|iPhone.Build.0 = Debug|Any CPU
		{E2151839-5800-49A9-AEA1-FAE2B21E4828}.Debug|iPhoneSimulator.ActiveCfg = Debug|Any CPU
		{E2151839-5800-49A9-AEA1-FAE2B21E4828}.Debug|iPhoneSimulator.Build.0 = Debug|Any CPU
		{E2151839-5800-49A9-AEA1-FAE2B21E4828}.Release|Any CPU.ActiveCfg = Release|Any CPU
		{E2151839-5800-49A9-AEA1-FAE2B21E4828}.Release|Any CPU.Build.0 = Release|Any CPU
		{E2151839-5800-49A9-AEA1-FAE2B21E4828}.Release|iPhone.ActiveCfg = Release|Any CPU
		{E2151839-5800-49A9-AEA1-FAE2B21E4828}.Release|iPhone.Build.0 = Release|Any CPU
		{E2151839-5800-49A9-AEA1-FAE2B21E4828}.Release|iPhoneSimulator.ActiveCfg = Release|Any CPU
		{E2151839-5800-49A9-AEA1-FAE2B21E4828}.Release|iPhoneSimulator.Build.0 = Release|Any CPU
		{64D818BA-2803-4FDF-8473-9E5563874DCF}.Ad-Hoc|Any CPU.ActiveCfg = Debug|Any CPU
		{64D818BA-2803-4FDF-8473-9E5563874DCF}.Ad-Hoc|Any CPU.Build.0 = Debug|Any CPU
		{64D818BA-2803-4FDF-8473-9E5563874DCF}.Ad-Hoc|iPhone.ActiveCfg = Release|Any CPU
		{64D818BA-2803-4FDF-8473-9E5563874DCF}.Ad-Hoc|iPhone.Build.0 = Release|Any CPU
		{64D818BA-2803-4FDF-8473-9E5563874DCF}.Ad-Hoc|iPhoneSimulator.ActiveCfg = Debug|Any CPU
		{64D818BA-2803-4FDF-8473-9E5563874DCF}.Ad-Hoc|iPhoneSimulator.Build.0 = Debug|Any CPU
		{64D818BA-2803-4FDF-8473-9E5563874DCF}.AppStore|Any CPU.ActiveCfg = Debug|Any CPU
		{64D818BA-2803-4FDF-8473-9E5563874DCF}.AppStore|Any CPU.Build.0 = Debug|Any CPU
		{64D818BA-2803-4FDF-8473-9E5563874DCF}.AppStore|iPhone.ActiveCfg = Release|Any CPU
		{64D818BA-2803-4FDF-8473-9E5563874DCF}.AppStore|iPhone.Build.0 = Release|Any CPU
		{64D818BA-2803-4FDF-8473-9E5563874DCF}.AppStore|iPhoneSimulator.ActiveCfg = Debug|Any CPU
		{64D818BA-2803-4FDF-8473-9E5563874DCF}.AppStore|iPhoneSimulator.Build.0 = Debug|Any CPU
		{64D818BA-2803-4FDF-8473-9E5563874DCF}.Debug|Any CPU.ActiveCfg = Debug|Any CPU
		{64D818BA-2803-4FDF-8473-9E5563874DCF}.Debug|Any CPU.Build.0 = Debug|Any CPU
		{64D818BA-2803-4FDF-8473-9E5563874DCF}.Debug|iPhone.ActiveCfg = Debug|Any CPU
		{64D818BA-2803-4FDF-8473-9E5563874DCF}.Debug|iPhone.Build.0 = Debug|Any CPU
		{64D818BA-2803-4FDF-8473-9E5563874DCF}.Debug|iPhoneSimulator.ActiveCfg = Debug|Any CPU
		{64D818BA-2803-4FDF-8473-9E5563874DCF}.Debug|iPhoneSimulator.Build.0 = Debug|Any CPU
		{64D818BA-2803-4FDF-8473-9E5563874DCF}.Release|Any CPU.ActiveCfg = Release|Any CPU
		{64D818BA-2803-4FDF-8473-9E5563874DCF}.Release|Any CPU.Build.0 = Release|Any CPU
		{64D818BA-2803-4FDF-8473-9E5563874DCF}.Release|iPhone.ActiveCfg = Release|Any CPU
		{64D818BA-2803-4FDF-8473-9E5563874DCF}.Release|iPhone.Build.0 = Release|Any CPU
		{64D818BA-2803-4FDF-8473-9E5563874DCF}.Release|iPhoneSimulator.ActiveCfg = Release|Any CPU
		{64D818BA-2803-4FDF-8473-9E5563874DCF}.Release|iPhoneSimulator.Build.0 = Release|Any CPU
		{4270B305-C383-4F49-BE45-AC17435094D5}.Ad-Hoc|Any CPU.ActiveCfg = Debug|iPhoneSimulator
		{4270B305-C383-4F49-BE45-AC17435094D5}.Ad-Hoc|Any CPU.Build.0 = Debug|iPhoneSimulator
		{4270B305-C383-4F49-BE45-AC17435094D5}.Ad-Hoc|iPhone.ActiveCfg = Release|iPhone
		{4270B305-C383-4F49-BE45-AC17435094D5}.Ad-Hoc|iPhone.Build.0 = Release|iPhone
		{4270B305-C383-4F49-BE45-AC17435094D5}.Ad-Hoc|iPhoneSimulator.ActiveCfg = Debug|iPhoneSimulator
		{4270B305-C383-4F49-BE45-AC17435094D5}.Ad-Hoc|iPhoneSimulator.Build.0 = Debug|iPhoneSimulator
		{4270B305-C383-4F49-BE45-AC17435094D5}.AppStore|Any CPU.ActiveCfg = Debug|iPhoneSimulator
		{4270B305-C383-4F49-BE45-AC17435094D5}.AppStore|Any CPU.Build.0 = Debug|iPhoneSimulator
		{4270B305-C383-4F49-BE45-AC17435094D5}.AppStore|iPhone.ActiveCfg = Release|iPhone
		{4270B305-C383-4F49-BE45-AC17435094D5}.AppStore|iPhone.Build.0 = Release|iPhone
		{4270B305-C383-4F49-BE45-AC17435094D5}.AppStore|iPhoneSimulator.ActiveCfg = Debug|iPhoneSimulator
		{4270B305-C383-4F49-BE45-AC17435094D5}.AppStore|iPhoneSimulator.Build.0 = Debug|iPhoneSimulator
		{4270B305-C383-4F49-BE45-AC17435094D5}.Debug|Any CPU.ActiveCfg = Debug|iPhoneSimulator
		{4270B305-C383-4F49-BE45-AC17435094D5}.Debug|Any CPU.Build.0 = Debug|iPhoneSimulator
		{4270B305-C383-4F49-BE45-AC17435094D5}.Debug|iPhone.ActiveCfg = Debug|iPhone
		{4270B305-C383-4F49-BE45-AC17435094D5}.Debug|iPhone.Build.0 = Debug|iPhone
		{4270B305-C383-4F49-BE45-AC17435094D5}.Debug|iPhoneSimulator.ActiveCfg = Debug|iPhoneSimulator
		{4270B305-C383-4F49-BE45-AC17435094D5}.Debug|iPhoneSimulator.Build.0 = Debug|iPhoneSimulator
		{4270B305-C383-4F49-BE45-AC17435094D5}.Release|Any CPU.ActiveCfg = Release|iPhone
		{4270B305-C383-4F49-BE45-AC17435094D5}.Release|Any CPU.Build.0 = Release|iPhone
		{4270B305-C383-4F49-BE45-AC17435094D5}.Release|iPhone.ActiveCfg = Release|iPhone
		{4270B305-C383-4F49-BE45-AC17435094D5}.Release|iPhone.Build.0 = Release|iPhone
		{4270B305-C383-4F49-BE45-AC17435094D5}.Release|iPhoneSimulator.ActiveCfg = Release|iPhoneSimulator
		{4270B305-C383-4F49-BE45-AC17435094D5}.Release|iPhoneSimulator.Build.0 = Release|iPhoneSimulator
		{CA615D64-177F-419F-ADC9-BED5A32A5E6C}.Ad-Hoc|Any CPU.ActiveCfg = Debug|Any CPU
		{CA615D64-177F-419F-ADC9-BED5A32A5E6C}.Ad-Hoc|Any CPU.Build.0 = Debug|Any CPU
		{CA615D64-177F-419F-ADC9-BED5A32A5E6C}.Ad-Hoc|iPhone.ActiveCfg = Release|Any CPU
		{CA615D64-177F-419F-ADC9-BED5A32A5E6C}.Ad-Hoc|iPhone.Build.0 = Release|Any CPU
		{CA615D64-177F-419F-ADC9-BED5A32A5E6C}.Ad-Hoc|iPhoneSimulator.ActiveCfg = Debug|Any CPU
		{CA615D64-177F-419F-ADC9-BED5A32A5E6C}.Ad-Hoc|iPhoneSimulator.Build.0 = Debug|Any CPU
		{CA615D64-177F-419F-ADC9-BED5A32A5E6C}.AppStore|Any CPU.ActiveCfg = Debug|Any CPU
		{CA615D64-177F-419F-ADC9-BED5A32A5E6C}.AppStore|Any CPU.Build.0 = Debug|Any CPU
		{CA615D64-177F-419F-ADC9-BED5A32A5E6C}.AppStore|iPhone.ActiveCfg = Release|Any CPU
		{CA615D64-177F-419F-ADC9-BED5A32A5E6C}.AppStore|iPhone.Build.0 = Release|Any CPU
		{CA615D64-177F-419F-ADC9-BED5A32A5E6C}.AppStore|iPhoneSimulator.ActiveCfg = Debug|Any CPU
		{CA615D64-177F-419F-ADC9-BED5A32A5E6C}.AppStore|iPhoneSimulator.Build.0 = Debug|Any CPU
		{CA615D64-177F-419F-ADC9-BED5A32A5E6C}.Debug|Any CPU.ActiveCfg = Debug|Any CPU
		{CA615D64-177F-419F-ADC9-BED5A32A5E6C}.Debug|Any CPU.Build.0 = Debug|Any CPU
		{CA615D64-177F-419F-ADC9-BED5A32A5E6C}.Debug|iPhone.ActiveCfg = Debug|Any CPU
		{CA615D64-177F-419F-ADC9-BED5A32A5E6C}.Debug|iPhone.Build.0 = Debug|Any CPU
		{CA615D64-177F-419F-ADC9-BED5A32A5E6C}.Debug|iPhoneSimulator.ActiveCfg = Debug|Any CPU
		{CA615D64-177F-419F-ADC9-BED5A32A5E6C}.Debug|iPhoneSimulator.Build.0 = Debug|Any CPU
		{CA615D64-177F-419F-ADC9-BED5A32A5E6C}.Release|Any CPU.ActiveCfg = Release|Any CPU
		{CA615D64-177F-419F-ADC9-BED5A32A5E6C}.Release|Any CPU.Build.0 = Release|Any CPU
		{CA615D64-177F-419F-ADC9-BED5A32A5E6C}.Release|iPhone.ActiveCfg = Release|Any CPU
		{CA615D64-177F-419F-ADC9-BED5A32A5E6C}.Release|iPhone.Build.0 = Release|Any CPU
		{CA615D64-177F-419F-ADC9-BED5A32A5E6C}.Release|iPhoneSimulator.ActiveCfg = Release|Any CPU
		{CA615D64-177F-419F-ADC9-BED5A32A5E6C}.Release|iPhoneSimulator.Build.0 = Release|Any CPU
		{A009B49B-8724-4169-B9DE-32B49E12D01E}.Ad-Hoc|Any CPU.ActiveCfg = Debug|Any CPU
		{A009B49B-8724-4169-B9DE-32B49E12D01E}.Ad-Hoc|Any CPU.Build.0 = Debug|Any CPU
		{A009B49B-8724-4169-B9DE-32B49E12D01E}.Ad-Hoc|iPhone.ActiveCfg = Release|Any CPU
		{A009B49B-8724-4169-B9DE-32B49E12D01E}.Ad-Hoc|iPhone.Build.0 = Release|Any CPU
		{A009B49B-8724-4169-B9DE-32B49E12D01E}.Ad-Hoc|iPhoneSimulator.ActiveCfg = Debug|Any CPU
		{A009B49B-8724-4169-B9DE-32B49E12D01E}.Ad-Hoc|iPhoneSimulator.Build.0 = Debug|Any CPU
		{A009B49B-8724-4169-B9DE-32B49E12D01E}.AppStore|Any CPU.ActiveCfg = Debug|Any CPU
		{A009B49B-8724-4169-B9DE-32B49E12D01E}.AppStore|Any CPU.Build.0 = Debug|Any CPU
		{A009B49B-8724-4169-B9DE-32B49E12D01E}.AppStore|iPhone.ActiveCfg = Release|Any CPU
		{A009B49B-8724-4169-B9DE-32B49E12D01E}.AppStore|iPhone.Build.0 = Release|Any CPU
		{A009B49B-8724-4169-B9DE-32B49E12D01E}.AppStore|iPhoneSimulator.ActiveCfg = Debug|Any CPU
		{A009B49B-8724-4169-B9DE-32B49E12D01E}.AppStore|iPhoneSimulator.Build.0 = Debug|Any CPU
		{A009B49B-8724-4169-B9DE-32B49E12D01E}.Debug|Any CPU.ActiveCfg = Debug|Any CPU
		{A009B49B-8724-4169-B9DE-32B49E12D01E}.Debug|Any CPU.Build.0 = Debug|Any CPU
		{A009B49B-8724-4169-B9DE-32B49E12D01E}.Debug|iPhone.ActiveCfg = Debug|Any CPU
		{A009B49B-8724-4169-B9DE-32B49E12D01E}.Debug|iPhone.Build.0 = Debug|Any CPU
		{A009B49B-8724-4169-B9DE-32B49E12D01E}.Debug|iPhoneSimulator.ActiveCfg = Debug|Any CPU
		{A009B49B-8724-4169-B9DE-32B49E12D01E}.Debug|iPhoneSimulator.Build.0 = Debug|Any CPU
		{A009B49B-8724-4169-B9DE-32B49E12D01E}.Release|Any CPU.ActiveCfg = Release|Any CPU
		{A009B49B-8724-4169-B9DE-32B49E12D01E}.Release|Any CPU.Build.0 = Release|Any CPU
		{A009B49B-8724-4169-B9DE-32B49E12D01E}.Release|iPhone.ActiveCfg = Release|Any CPU
		{A009B49B-8724-4169-B9DE-32B49E12D01E}.Release|iPhone.Build.0 = Release|Any CPU
		{A009B49B-8724-4169-B9DE-32B49E12D01E}.Release|iPhoneSimulator.ActiveCfg = Release|Any CPU
		{A009B49B-8724-4169-B9DE-32B49E12D01E}.Release|iPhoneSimulator.Build.0 = Release|Any CPU
	EndGlobalSection
	GlobalSection(SolutionProperties) = preSolution
		HideSolutionNode = FALSE
	EndGlobalSection
	GlobalSection(NestedProjects) = preSolution
		{002E1DBC-BB8B-4460-8B66-80A30276D3CF} = {76B9FDDA-311A-4B0E-9A15-E936739A95C7}
		{EA1F4265-5DC8-4392-A3AE-A9961502BF4D} = {76B9FDDA-311A-4B0E-9A15-E936739A95C7}
		{445B2134-EEEA-462E-B355-67BF4DD3DF75} = {76B9FDDA-311A-4B0E-9A15-E936739A95C7}
		{312DACB9-187C-4F09-BEA6-3F0984D8A055} = {1F028E32-6BBF-4BE2-89DC-B5DC8DD98096}
		{ADDB8535-0932-4FA4-B8F2-5DED8EA5A02B} = {40F91C7A-BFB8-4414-A8B0-C741EDB25C49}
		{96130030-11C3-45D6-8935-2CC8409F147C} = {40F91C7A-BFB8-4414-A8B0-C741EDB25C49}
		{01E4BA13-8099-46E7-B7EC-EC544700036D} = {40F91C7A-BFB8-4414-A8B0-C741EDB25C49}
		{7B909FF5-C6F7-42E3-8F4A-3EC2B6396AC3} = {1F028E32-6BBF-4BE2-89DC-B5DC8DD98096}
		{2A9F8263-69A6-4ACC-85C7-63C46C60F27E} = {1F028E32-6BBF-4BE2-89DC-B5DC8DD98096}
		{F5D54410-35FD-41F3-824D-245D719EF3BA} = {75CBCF65-00BF-48D4-BC88-9A9FBE82C5C1}
		{E2151839-5800-49A9-AEA1-FAE2B21E4828} = {75CBCF65-00BF-48D4-BC88-9A9FBE82C5C1}
		{64D818BA-2803-4FDF-8473-9E5563874DCF} = {75CBCF65-00BF-48D4-BC88-9A9FBE82C5C1}
		{1B10BE30-2AB3-40C8-851C-ABE9EB1D2EAE} = {12E1BFF9-1165-47FA-943D-3A6B94C24C22}
		{4270B305-C383-4F49-BE45-AC17435094D5} = {12E1BFF9-1165-47FA-943D-3A6B94C24C22}
		{CA615D64-177F-419F-ADC9-BED5A32A5E6C} = {12E1BFF9-1165-47FA-943D-3A6B94C24C22}
		{A009B49B-8724-4169-B9DE-32B49E12D01E} = {12E1BFF9-1165-47FA-943D-3A6B94C24C22}
	EndGlobalSection
EndGlobal
